# THIS IS AN AUTOGENERATED FILE. DO NOT EDIT THIS FILE DIRECTLY.
# yarn lockfile v1


"@material/animation@0.39.0":
  version "0.39.0"
  resolved "https://registry.yarnpkg.com/@material/animation/-/animation-0.39.0.tgz#d3d503c9f87ac1193dc4a5b0cccfaedb39478439"
  integrity sha512-f3BGCba0GdYY+eGFnK0L08HLyljgEyBvMLoJoutP225IpvzsLLTqumL/796nFCsouWn6E3G+8BUVjAtzTjU2lA==

"@material/base@0.39.0":
  version "0.39.0"
  resolved "https://registry.yarnpkg.com/@material/base/-/base-0.39.0.tgz#ca451531cf438f51bf999ad7b96b5e8f3929e19a"
  integrity sha512-B+vMqnOR2JU2dzv/5UPKQUAZAj739pMkJkt3Zy7sJaQnw3j8wTKxiUMUhd9ZHaPx1FBlUNMn2PwOq8YZIn0svA==

"@material/radio@^0.39.3":
  version "0.39.3"
  resolved "https://registry.yarnpkg.com/@material/radio/-/radio-0.39.3.tgz#56ae825a5970de7b69e0325204bf5dafbc1ea7ca"
  integrity sha512-xHqioZCBClF3vhZear9Qi8fwLzTxFPkuvsFfIaPuTLwG9UfkS5IptThSTEoqbaB0X+Vdn0fl5wRk535hfcKyNw==
  dependencies:
    "@material/animation" "^0.39.0"
    "@material/base" "^0.39.0"
    "@material/ripple" "^0.39.3"
    "@material/selection-control" "^0.39.3"
    "@material/theme" "^0.39.1"

"@material/ripple@^0.39.3":
  version "0.39.3"
  resolved "https://registry.yarnpkg.com/@material/ripple/-/ripple-0.39.3.tgz#4ff7a8fec5d5206f0da72a78d026529b53b7d564"
  integrity sha512-MwQjgwK9h13MdKGJT3RTDf9NjCoAS3LmnFpz1fxXgExA1QnoUbB1o7cEaPmqAtZopKVDCf52w1l6Mpf9qEhnCQ==
  dependencies:
    "@material/animation" "^0.39.0"
    "@material/base" "^0.39.0"
    "@material/theme" "^0.39.1"

"@material/selection-control@^0.39.3":
  version "0.39.3"
  resolved "https://registry.yarnpkg.com/@material/selection-control/-/selection-control-0.39.3.tgz#2ccdb4e07a7446e462ead824796a8ef18cc27720"
  integrity sha512-Aia0R7/MuW3Whjj8fQnNzINAvQosL7d9+5M/kut657P6u+7KLUQJr204GU8cWvxGthG85XneWz3hDTGjhqagiw==
  dependencies:
    "@material/ripple" "^0.39.3"

"@material/theme@^0.39.1":
  version "0.39.1"
  resolved "https://registry.yarnpkg.com/@material/theme/-/theme-0.39.1.tgz#5fb160222e2b213628b285af26ca65c6f4327fe5"
  integrity sha512-c7xjzzHdF4kBl66VJfATBAV9cwD/6TOyVPOWiK5rPxmu9g7uEAe1HmupqJRR1pMFCPX2w85gfvIsxh79EU6YJA==

bind-decorator@^1.0.11:
  version "1.0.11"
  resolved "https://registry.yarnpkg.com/bind-decorator/-/bind-decorator-1.0.11.tgz#e41bc06a1f65dd9cec476c91c5daf3978488252f"
  integrity sha1-5BvAah9l3ZzsR2yRxdrzl4SIJS8=
