# THIS IS AN AUTOGENERATED FILE. DO NOT EDIT THIS FILE DIRECTLY.
# yarn lockfile v1


"@material/animation@^0.41.0":
  version "0.41.0"
  resolved "https://registry.yarnpkg.com/@material/animation/-/animation-0.41.0.tgz#315b45b32e1aeebee8a4cf555b8ad52076d09ddd"
  integrity sha512-yYAwJbX3Q2AFd4dr6IYOsWLQy2HN8zWOFVl9AbUXunjzTfJCa/ecfXCriaT6qkmoNoHeTdJHRrsQJZC5GsPvzA==

"@material/base@^0.41.0":
  version "0.41.0"
  resolved "https://registry.yarnpkg.com/@material/base/-/base-0.41.0.tgz#badadce711b4c25b1eb889a5e7581e32cd07c421"
  integrity sha512-tEyzwBRu3d1H120SfKsDVYZHcqT5lKohh/7cWKR93aAaPDkSvjpKJIjyu2yuSkjpDduVZGzVocYbOvhUKhhzXQ==

"@material/dom@^0.41.0":
  version "0.41.0"
  resolved "https://registry.yarnpkg.com/@material/dom/-/dom-0.41.0.tgz#6756865f97bad4c91ee75e69d769d7cdc25398ae"
  integrity sha512-wOJrMwjPddYXpQFZAIaCLWI3TO/6KU1lxESTBzunni8A4FHQVWhokml5Xt85GqZwmPFeIF2s+D0wfbWyrGBuKQ==

"@material/elevation@^0.41.0":
  version "0.41.0"
  resolved "https://registry.yarnpkg.com/@material/elevation/-/elevation-0.41.0.tgz#db6b75ea43354fe35936cba2d78c55390faf4e9e"
  integrity sha512-ZtZS8z5ie9c7Cx5PVudgSorGYa0C3lu3dA+Nn6qJdhGUokl01msh54NfNuwk+EZsk65bNRRqw1Td/63TCbKIzg==
  dependencies:
    "@material/animation" "^0.41.0"
    "@material/theme" "^0.41.0"

"@material/list@^0.42.0":
  version "0.42.0"
  resolved "https://registry.yarnpkg.com/@material/list/-/list-0.42.0.tgz#7bf19c09f223c31b9bae6969361939e3cf8cea48"
  integrity sha512-xmF52VRJdX+iwi1fQjlLkbRYJKR04LvqiSLAvrfJINEX5PzdfnCj2du1fP1KcBKQ0+ApX6OWsyHsf8/qHI8L4Q==
  dependencies:
    "@material/base" "^0.41.0"
    "@material/dom" "^0.41.0"
    "@material/ripple" "^0.42.0"
    "@material/rtl" "^0.42.0"
    "@material/shape" "^0.42.0"
    "@material/theme" "^0.41.0"
    "@material/typography" "^0.42.0"

"@material/menu-surface@^0.42.1":
  version "0.42.1"
  resolved "https://registry.yarnpkg.com/@material/menu-surface/-/menu-surface-0.42.1.tgz#41d5b11023f7d6e1a7b225fed1182f131b261081"
  integrity sha512-N2O9NstjtLGCBaUiHCEJMyVuY04L3SPnMUw84GkiOh0MvmRi3pYCXoHzYayzqzdpLJAphu4/68NRwRsJR/2VxA==
  dependencies:
    "@material/animation" "^0.41.0"
    "@material/base" "^0.41.0"
    "@material/elevation" "^0.41.0"
    "@material/rtl" "^0.42.0"
    "@material/shape" "^0.42.0"
    "@material/theme" "^0.41.0"

"@material/menu@^0.42.1":
  version "0.42.1"
  resolved "https://registry.yarnpkg.com/@material/menu/-/menu-0.42.1.tgz#7e21c278c5d8fc148413200309450b61df105b0f"
  integrity sha512-zjhLt/gzTwmQZzKf8CaaExt2HSIfNaB/b3D4PURqJhImfgKXizB8/OkUNG/ubYc2lg1W2R6BGQJbmiqfRE3DCw==
  dependencies:
    "@material/base" "^0.41.0"
    "@material/list" "^0.42.0"
    "@material/menu-surface" "^0.42.1"
    "@material/ripple" "^0.42.0"
    "@material/rtl" "^0.42.0"

"@material/ripple@^0.42.0":
  version "0.42.0"
  resolved "https://registry.yarnpkg.com/@material/ripple/-/ripple-0.42.0.tgz#3ff501badfb81c76b1e51e6790217c2f32b57cdc"
  integrity sha512-wAVrppOjpvFJAeLL0hlTKRyTR9AJNHo5MzaKGrXqeq9Vt5exSk/ML9y5THE/SHwrJoF0sOWHgP9HEYi7opF6YA==
  dependencies:
    "@material/animation" "^0.41.0"
    "@material/base" "^0.41.0"
    "@material/theme" "^0.41.0"

"@material/rtl@^0.42.0":
  version "0.42.0"
  resolved "https://registry.yarnpkg.com/@material/rtl/-/rtl-0.42.0.tgz#1836e78186c2d8b996f6fbf97adab203535335bc"
  integrity sha512-VrnrKJzhmspsN8WXHuxxBZ69yM5IwhCUqWr1t1eNfw3ZEvEj7i1g3P31HGowKThIN1dc1Wh4LE14rCISWCtv5w==

"@material/shape@^0.42.0":
  version "0.42.0"
  resolved "https://registry.yarnpkg.com/@material/shape/-/shape-0.42.0.tgz#784e117401ac5fe5f49411c34c86e62accb0f534"
  integrity sha512-E38QqeRoGLO38TOJT69rCBLJBnnXQ6Cmm/crjjl3TaLmqD17GiEJgPXzBdJ11lszBStSqR/gUXQX7P97LYruLw==

"@material/theme@^0.41.0":
  version "0.41.0"
  resolved "https://registry.yarnpkg.com/@material/theme/-/theme-0.41.0.tgz#4f8252a872b17845cc661b867cbbf54e51a26759"
  integrity sha512-ohW2JxObKOWvP34EkIIcrEVtL3g0Gs/T3/MdOsM36euyshY8Jwl1f6fjVUQvVjSpixUtSb30/+ulblF8fTOwBg==

"@material/typography@^0.42.0":
  version "0.42.0"
  resolved "https://registry.yarnpkg.com/@material/typography/-/typography-0.42.0.tgz#ccb36c18bd1c8911c207872e575fafc845309162"
  integrity sha512-HgjRfmunrW8qqB0xC6AQNAQVIq19WUeRoimUf8ytf12Rq1oNG///6bnr86OI9+Q1EpeF822efZP4XPLUPb8kJw==

bind-decorator@^1.0.11:
  version "1.0.11"
  resolved "https://registry.yarnpkg.com/bind-decorator/-/bind-decorator-1.0.11.tgz#e41bc06a1f65dd9cec476c91c5daf3978488252f"
  integrity sha1-5BvAah9l3ZzsR2yRxdrzl4SIJS8=
