# THIS IS AN AUTOGENERATED FILE. DO NOT EDIT THIS FILE DIRECTLY.
# yarn lockfile v1


"@material/animation@^1.0.0":
  version "1.0.0"
  resolved "https://registry.yarnpkg.com/@material/animation/-/animation-1.0.0.tgz#dfd8575c8b031203917dc838ac0e3c0fe0f6709b"
  integrity sha512-Ed5/vggn6ZhSJ87yn3ZS1d826VJNFz73jHF2bSsgRtHDoB8KCuOwQMfdgAgDa4lKDF6CDIPCKBZPKrs2ubehdw==
  dependencies:
    tslib "^1.9.3"

"@material/base@^1.0.0":
  version "1.0.0"
  resolved "https://registry.yarnpkg.com/@material/base/-/base-1.0.0.tgz#e4ef0b22c54aa887af94f5988fb1c0cb3245beba"
  integrity sha512-5dxFp46x5FA+Epg6YHLzN+5zRt9S2wR84UdvVAEJ1egea94m9UHUg7y9tAnNSN16aexRSywmzyLwPr+i8PGEYA==
  dependencies:
    tslib "^1.9.3"

"@material/dom@^1.1.0":
  version "1.1.0"
  resolved "https://registry.yarnpkg.com/@material/dom/-/dom-1.1.0.tgz#3bd3d1a3415b4181118fecb182d93beda56a6f8c"
  integrity sha512-+HWW38ZaM2UBPu4+7QCusLDSf4tFT31rsEXHkTkxYSg/QpDivfPx6YDz4OmYtafmhPR1d1YjqB3MYysUHdodyw==
  dependencies:
    tslib "^1.9.3"

"@material/elevation@^1.1.0":
  version "1.1.0"
  resolved "https://registry.yarnpkg.com/@material/elevation/-/elevation-1.1.0.tgz#def23c360ae067b43c1632a331b9883b9f679cc5"
  integrity sha512-m4eATJvDhWK1BT+yA1iHz5mhAk8cV9olC4mjVzm4PTAqhDH2yya4WzjN1HPVHE/a65ObyZ7V4qopxu9MRocm3A==
  dependencies:
    "@material/animation" "^1.0.0"
    "@material/feature-targeting" "^0.44.1"
    "@material/theme" "^1.1.0"

"@material/feature-targeting@^0.44.1":
  version "0.44.1"
  resolved "https://registry.yarnpkg.com/@material/feature-targeting/-/feature-targeting-0.44.1.tgz#afafc80294e5efab94bee31a187273d43d34979a"
  integrity sha512-90cc7njn4aHbH9UxY8qgZth1W5JgOgcEdWdubH1t7sFkwqFxS5g3zgxSBt46TygFBVIXNZNq35Xmg80wgqO7Pg==

"@material/list@^1.1.1":
  version "1.1.1"
  resolved "https://registry.yarnpkg.com/@material/list/-/list-1.1.1.tgz#296ed85ae3585af1749462e5bafd617d5675e85e"
  integrity sha512-YqX2A5qagoBolla6WHzP2BIUid/ufot5rVP2yrTz3DFvmswJMXU3HV2XU9NbiVOiefCjkra9ljtimiTlHUrAEg==
  dependencies:
    "@material/base" "^1.0.0"
    "@material/dom" "^1.1.0"
    "@material/feature-targeting" "^0.44.1"
    "@material/ripple" "^1.1.0"
    "@material/rtl" "^0.42.0"
    "@material/shape" "^1.1.1"
    "@material/theme" "^1.1.0"
    "@material/typography" "^1.0.0"
    tslib "^1.9.3"

"@material/menu-surface@^1.1.1":
  version "1.1.1"
  resolved "https://registry.yarnpkg.com/@material/menu-surface/-/menu-surface-1.1.1.tgz#d930f940e31a1bc32a2c9e3f15d5e60d43871cde"
  integrity sha512-bOY3LsVamovl/yb4hMBDi3gh8UFEYyP3GHNpTt+X5KBPDehoFhXG9s21aNvGbHZbwURhhWiRzy/OUC3MLE/hKA==
  dependencies:
    "@material/animation" "^1.0.0"
    "@material/base" "^1.0.0"
    "@material/elevation" "^1.1.0"
    "@material/feature-targeting" "^0.44.1"
    "@material/rtl" "^0.42.0"
    "@material/shape" "^1.1.1"
    "@material/theme" "^1.1.0"
    tslib "^1.9.3"

"@material/menu@1.1.1":
  version "1.1.1"
  resolved "https://registry.yarnpkg.com/@material/menu/-/menu-1.1.1.tgz#1a9ca4d0e88e6a2ead9793c0377e0ceb73802241"
  integrity sha512-bfsZ4Uexm02ey665SukjMK+3HtQVu7Bbc/q5chvPmLoMbSQ4PYE19C/p8cXKeNxkhd3S0h/gJDPw/cTbB9mrhg==
  dependencies:
    "@material/base" "^1.0.0"
    "@material/feature-targeting" "^0.44.1"
    "@material/list" "^1.1.1"
    "@material/menu-surface" "^1.1.1"
    "@material/ripple" "^1.1.0"
    "@material/rtl" "^0.42.0"
    tslib "^1.9.3"

"@material/ripple@^1.1.0":
  version "1.1.0"
  resolved "https://registry.yarnpkg.com/@material/ripple/-/ripple-1.1.0.tgz#236016fb30c8366faf143297df2c38166d84ffbc"
  integrity sha512-mkfDBZAmxjpRG7V9TrfOmLxt1g/wvGHCXtYPgvH7W8ozjf53edqxLOFENEdvHbie27y9nyixzXn0gzU0HnxSeA==
  dependencies:
    "@material/animation" "^1.0.0"
    "@material/base" "^1.0.0"
    "@material/dom" "^1.1.0"
    "@material/feature-targeting" "^0.44.1"
    "@material/theme" "^1.1.0"
    tslib "^1.9.3"

"@material/rtl@^0.42.0":
  version "0.42.0"
  resolved "https://registry.yarnpkg.com/@material/rtl/-/rtl-0.42.0.tgz#1836e78186c2d8b996f6fbf97adab203535335bc"
  integrity sha512-VrnrKJzhmspsN8WXHuxxBZ69yM5IwhCUqWr1t1eNfw3ZEvEj7i1g3P31HGowKThIN1dc1Wh4LE14rCISWCtv5w==

"@material/shape@^1.1.1":
  version "1.1.1"
  resolved "https://registry.yarnpkg.com/@material/shape/-/shape-1.1.1.tgz#7a5368694bc3555e69ea547950904b46fa1024bf"
  integrity sha512-Jge/h1XBLjdLlam4QMSzVgM99e/N8+elQROPkltqVP7eyLc17BwM3aP5cLVfZDgrJgvsjUxbgAP1H1j8sqmUyg==
  dependencies:
    "@material/feature-targeting" "^0.44.1"

"@material/theme@^1.1.0":
  version "1.1.0"
  resolved "https://registry.yarnpkg.com/@material/theme/-/theme-1.1.0.tgz#9c95dd804168c23c30589fcf09ecc5af5b3d1adc"
  integrity sha512-YYUV9Rhbx4r/EMb/zoOYJUWjhXChNaLlH1rqt3vpNVyxRcxGqoVMGp5u1XALBCFiD9dACPKLIkKyRYa928nmPQ==
  dependencies:
    "@material/feature-targeting" "^0.44.1"

"@material/typography@^1.0.0":
  version "1.0.0"
  resolved "https://registry.yarnpkg.com/@material/typography/-/typography-1.0.0.tgz#327ecfcac5ee3af8a3a102f3f125a761202f4189"
  integrity sha512-Oeqbjci1cC7jTE8/n3dwnkqKe9ZeWiaE+rgMtRYtRFw1HvAw14SpGA5EEAS/Li2Hu2KZ50FYCe3HYqShfxtChA==
  dependencies:
    "@material/feature-targeting" "^0.44.1"

tslib@^1.9.3:
  version "1.9.3"
  resolved "https://registry.yarnpkg.com/tslib/-/tslib-1.9.3.tgz#d7e4dd79245d85428c4d7e4822a79917954ca286"
  integrity sha512-4krF8scpejhaOgqzBEcGM7yDIEfi0/8+8zDRZhNZZ2kjmHJ4hv3zCbQWxoJGz1iw5U0Jl0nma13xzHXcncMavQ==
