# THIS IS AN AUTOGENERATED FILE. DO NOT EDIT THIS FILE DIRECTLY.
# yarn lockfile v1


"@material/animation@^0.39.0":
  version "0.39.0"
  resolved "https://registry.yarnpkg.com/@material/animation/-/animation-0.39.0.tgz#d3d503c9f87ac1193dc4a5b0cccfaedb39478439"
  integrity sha512-f3BGCba0GdYY+eGFnK0L08HLyljgEyBvMLoJoutP225IpvzsLLTqumL/796nFCsouWn6E3G+8BUVjAtzTjU2lA==

"@material/base@^0.39.0":
  version "0.39.0"
  resolved "https://registry.yarnpkg.com/@material/base/-/base-0.39.0.tgz#ca451531cf438f51bf999ad7b96b5e8f3929e19a"
  integrity sha512-B+vMqnOR2JU2dzv/5UPKQUAZAj739pMkJkt3Zy7sJaQnw3j8wTKxiUMUhd9ZHaPx1FBlUNMn2PwOq8YZIn0svA==

"@material/elevation@^0.39.1":
  version "0.39.1"
  resolved "https://registry.yarnpkg.com/@material/elevation/-/elevation-0.39.1.tgz#43bb1fe6a0f71332ae11dc18505a8b7cec343dde"
  integrity sha512-ir0lqwpkXhJxUQ6KdCTsM2wZze3Oc54knUMbCUnitOWzIRBvlXUO0zlpld5pj3Mb6ApESA6BiaJb4JfEZmX2MA==
  dependencies:
    "@material/animation" "^0.39.0"
    "@material/theme" "^0.39.1"

"@material/list@^0.39.0":
  version "0.39.3"
  resolved "https://registry.yarnpkg.com/@material/list/-/list-0.39.3.tgz#64a0c19341052d8ec877f094c07a1fd93ce657af"
  integrity sha512-FaEPzkx/iloZDGsZmOHUfomdMEnEvezYIo6ldmddB2BPQOrDeqbPBsvslR0ak8InpGocoWhLRk46ZjBIIJEDNA==
  dependencies:
    "@material/base" "^0.39.0"
    "@material/ripple" "^0.39.3"
    "@material/rtl" "^0.39.1"
    "@material/theme" "^0.39.1"
    "@material/typography" "^0.39.0"

"@material/menu-surface@^0.39.0":
  version "0.39.1"
  resolved "https://registry.yarnpkg.com/@material/menu-surface/-/menu-surface-0.39.1.tgz#24c79ae746132d81bfb091f41245e4b1e807ad76"
  integrity sha512-dkb+9qI8BsUNUQxHfaJknCbyg/VTaJemEIbj+8kAaOn/47aem1or+yQos+uXPJZEQt/VHp5L1N9BKIzd5VcrUQ==
  dependencies:
    "@material/animation" "^0.39.0"
    "@material/base" "^0.39.0"
    "@material/elevation" "^0.39.1"
    "@material/rtl" "^0.39.1"
    "@material/theme" "^0.39.1"

"@material/menu@0.39.0":
  version "0.39.0"
  resolved "https://registry.yarnpkg.com/@material/menu/-/menu-0.39.0.tgz#3f9b0c535364fd7002c05894406ac29fbd207b94"
  integrity sha512-F3R3pgLVt1sPuJawn4OnhFlL/XLFJkLBAyuGB51gtOx2CAt/UPgQ+xgqKLQQ4mWx46UiA91m+9C2u8yhV86S9g==
  dependencies:
    "@material/base" "^0.39.0"
    "@material/list" "^0.39.0"
    "@material/menu-surface" "^0.39.0"
    "@material/rtl" "^0.39.0"

"@material/ripple@^0.39.3":
  version "0.39.3"
  resolved "https://registry.yarnpkg.com/@material/ripple/-/ripple-0.39.3.tgz#4ff7a8fec5d5206f0da72a78d026529b53b7d564"
  integrity sha512-MwQjgwK9h13MdKGJT3RTDf9NjCoAS3LmnFpz1fxXgExA1QnoUbB1o7cEaPmqAtZopKVDCf52w1l6Mpf9qEhnCQ==
  dependencies:
    "@material/animation" "^0.39.0"
    "@material/base" "^0.39.0"
    "@material/theme" "^0.39.1"

"@material/rtl@^0.39.0", "@material/rtl@^0.39.1":
  version "0.39.1"
  resolved "https://registry.yarnpkg.com/@material/rtl/-/rtl-0.39.1.tgz#dcaf6f93fc6cd540137edb352139dc8139bca436"
  integrity sha512-6RcXv6tQladbl+SboEHUykiDAz7dE5DjBuLNV0KD7yEUCcUV41WXZ5e4oUd1nDWnK0vHzFtNM7D6BGMPZ2T3zA==

"@material/theme@^0.39.1":
  version "0.39.1"
  resolved "https://registry.yarnpkg.com/@material/theme/-/theme-0.39.1.tgz#5fb160222e2b213628b285af26ca65c6f4327fe5"
  integrity sha512-c7xjzzHdF4kBl66VJfATBAV9cwD/6TOyVPOWiK5rPxmu9g7uEAe1HmupqJRR1pMFCPX2w85gfvIsxh79EU6YJA==

"@material/typography@^0.39.0":
  version "0.39.0"
  resolved "https://registry.yarnpkg.com/@material/typography/-/typography-0.39.0.tgz#7d7468673e104609d926528ffe5571cfd44d8c3c"
  integrity sha512-S7YTR2mXuAaPvsgX6jyT1YvWQhH2xHWi+SKJvlunoF/Dw6vq6Ud+APmqigHVRPNCcFt4zkbM7C64IxYjjkIApQ==

bind-decorator@^1.0.11:
  version "1.0.11"
  resolved "https://registry.yarnpkg.com/bind-decorator/-/bind-decorator-1.0.11.tgz#e41bc06a1f65dd9cec476c91c5daf3978488252f"
  integrity sha1-5BvAah9l3ZzsR2yRxdrzl4SIJS8=

tslib@^1.9.3:
  version "1.9.3"
  resolved "https://registry.yarnpkg.com/tslib/-/tslib-1.9.3.tgz#d7e4dd79245d85428c4d7e4822a79917954ca286"
  integrity sha512-4krF8scpejhaOgqzBEcGM7yDIEfi0/8+8zDRZhNZZ2kjmHJ4hv3zCbQWxoJGz1iw5U0Jl0nma13xzHXcncMavQ==
