# THIS IS AN AUTOGENERATED FILE. DO NOT EDIT THIS FILE DIRECTLY.
# yarn lockfile v1


"@material/animation@^3.1.0":
  version "3.1.0"
  resolved "https://registry.yarnpkg.com/@material/animation/-/animation-3.1.0.tgz#ab04e7c2e92ab370a2b28d12af1b88538d23014f"
  integrity sha512-ZfP95awrPBLhpaCTPNx+xKYPp2D88fzf5p5YNVp6diUAGRpq3g12Aq7qJfIHDXAFo5CtrYhgOKRqIKxUVcFisQ==
  dependencies:
    tslib "^1.9.3"

"@material/base@^3.1.0":
  version "3.1.0"
  resolved "https://registry.yarnpkg.com/@material/base/-/base-3.1.0.tgz#ab933896ab6390d4e1d2f9797b74a90f47db272a"
  integrity sha512-pWEBHyPrMV3rdnjqWWH96h5t3MxQI6V1J9jOor+UBG7bXQtr6InTabTqhz5CLY7r+qZU8YvNh2OKIy8heP0cyQ==
  dependencies:
    tslib "^1.9.3"

"@material/dom@^3.1.0":
  version "3.1.0"
  resolved "https://registry.yarnpkg.com/@material/dom/-/dom-3.1.0.tgz#1e58cad0cd5e1d9d6f6cb07422e327ad34a9d405"
  integrity sha512-RtBLSkrBjMfHwknaGBifAIC8cBWF9pXjz2IYqfI2braB6SfQI4vhdJviwyiA5BmA/psn3cKpBUZbHI0ym0O0SQ==
  dependencies:
    tslib "^1.9.3"

"@material/elevation@^3.1.0":
  version "3.1.0"
  resolved "https://registry.yarnpkg.com/@material/elevation/-/elevation-3.1.0.tgz#2fcbde47653cc115519a39acc2d04b34e4cff12b"
  integrity sha512-e45LqiG6LfbR1M52YkSLA7pQPeYJOuOVzLp27xy2072TnLuJexMxhEaG4O1novEIjsTtMjqfrfJ/koODU5vEew==
  dependencies:
    "@material/animation" "^3.1.0"
    "@material/feature-targeting" "^3.1.0"
    "@material/theme" "^3.1.0"

"@material/feature-targeting@^3.1.0":
  version "3.1.0"
  resolved "https://registry.yarnpkg.com/@material/feature-targeting/-/feature-targeting-3.1.0.tgz#a6f6cacd1e0c9b60dc82f2f3bb2de8cfd472252b"
  integrity sha512-aXAa1Pv6w32URacE9LfMsl9zI6hFwx1K0Lp3Xpyf4rAkmaAB6z0gOkhicOrVFc0f64YheJgHjE7hJFieVenQdw==

"@material/ripple@^3.1.0":
  version "3.1.0"
  resolved "https://registry.yarnpkg.com/@material/ripple/-/ripple-3.1.0.tgz#5cb581e9a70415c50c8b92ecd8628d5eeae34c74"
  integrity sha512-mYvd2iWbQyVd6aLS9alHShoL05p/D0cvh5h1ga3atz55azooMLhGsbbE1YlEqUDKHKNuNvdVFm+0IfWdvvRgsw==
  dependencies:
    "@material/animation" "^3.1.0"
    "@material/base" "^3.1.0"
    "@material/dom" "^3.1.0"
    "@material/feature-targeting" "^3.1.0"
    "@material/theme" "^3.1.0"
    tslib "^1.9.3"

"@material/rtl@^3.1.0":
  version "3.1.0"
  resolved "https://registry.yarnpkg.com/@material/rtl/-/rtl-3.1.0.tgz#8a5254bcf6c4d897e16206d52ba98b8eb98d45b7"
  integrity sha512-HH19edQNb139zC+1SZ6/C9G92E54fUrnnW9AAF7t5eGjGdF26YJXJ/uhz+TnFhNUMi/QGrKUSycd4o73nU1m4A==

"@material/tab-bar@^3.1.0":
  version "3.1.0"
  resolved "https://registry.yarnpkg.com/@material/tab-bar/-/tab-bar-3.1.0.tgz#07a30103160f54928831f85c6a20b2d657407725"
  integrity sha512-ixfvNtSHlNKJ51M4BWvdsvpu2NKdOZTG6+9p77GdHQf0AUiRSWErWcG5yDPVLc7vkfcoszpJs1bgu01nVacQ3A==
  dependencies:
    "@material/base" "^3.1.0"
    "@material/elevation" "^3.1.0"
    "@material/feature-targeting" "^3.1.0"
    "@material/tab" "^3.1.0"
    "@material/tab-scroller" "^3.1.0"
    tslib "^1.9.3"

"@material/tab-indicator@^3.1.0":
  version "3.1.0"
  resolved "https://registry.yarnpkg.com/@material/tab-indicator/-/tab-indicator-3.1.0.tgz#aac5de4af5cb56da492535ff63bb2495a063fd31"
  integrity sha512-U4H1bg792ZP4BzjiG3i3htHKmRGlGUZ8c9iroRN6W5B4hYQ5/4DbFA2h2OaAZ1fhyjHiyFosK5ctvgu7qSfZ/g==
  dependencies:
    "@material/animation" "^3.1.0"
    "@material/base" "^3.1.0"
    "@material/feature-targeting" "^3.1.0"
    "@material/theme" "^3.1.0"
    tslib "^1.9.3"

"@material/tab-scroller@^3.1.0":
  version "3.1.0"
  resolved "https://registry.yarnpkg.com/@material/tab-scroller/-/tab-scroller-3.1.0.tgz#795c984f7d3c9487d6f62f6c8a62306c2167e853"
  integrity sha512-tV/+imklWOrbZuNF1egCbIY2/sHunSmxdiyW2ppF1t26M8NnKYHv7H5JRejdJDAwODWrmvMhwXE+rPBT50FvgA==
  dependencies:
    "@material/animation" "^3.1.0"
    "@material/base" "^3.1.0"
    "@material/dom" "^3.1.0"
    "@material/feature-targeting" "^3.1.0"
    "@material/tab" "^3.1.0"
    tslib "^1.9.3"

"@material/tab@^3.1.0":
  version "3.1.0"
  resolved "https://registry.yarnpkg.com/@material/tab/-/tab-3.1.0.tgz#7bb863d347cf8a8c91489921ec98cc86c6b5f318"
  integrity sha512-AcHlmS5l0rjHTEP1GuVVt6F7h8NqzlLMM1cXabHTrZYPvF2QwHnFnMesE74TJPHArW9xMgP7wYsJ88ZREolRow==
  dependencies:
    "@material/base" "^3.1.0"
    "@material/feature-targeting" "^3.1.0"
    "@material/ripple" "^3.1.0"
    "@material/rtl" "^3.1.0"
    "@material/tab-indicator" "^3.1.0"
    "@material/theme" "^3.1.0"
    "@material/typography" "^3.1.0"
    tslib "^1.9.3"

"@material/theme@^3.1.0":
  version "3.1.0"
  resolved "https://registry.yarnpkg.com/@material/theme/-/theme-3.1.0.tgz#d31147bbc9e20bdaa3e322c9e898e4fc98807d8c"
  integrity sha512-N4JX+akOwg1faAvFvIEhDcwW4cZfUpwEn8lct6Vs3WczjLF6/KdIoLVaYh+eVl1bzfsoIuWvx56j0B1PjXZw9g==
  dependencies:
    "@material/feature-targeting" "^3.1.0"

"@material/typography@^3.1.0":
  version "3.1.0"
  resolved "https://registry.yarnpkg.com/@material/typography/-/typography-3.1.0.tgz#5a3aee31f49f6b8c87ebc91b77c5b896b280c492"
  integrity sha512-aSNBQvVxIH1kORSYdLGuSTivx6oJ1MSOSTUAsUwhXPQLQlvbdFeZaqUp7xgn+EvRsHGRFhWk5YGuiBds9+7zQg==
  dependencies:
    "@material/feature-targeting" "^3.1.0"

bind-decorator@^1.0.11:
  version "1.0.11"
  resolved "https://registry.yarnpkg.com/bind-decorator/-/bind-decorator-1.0.11.tgz#e41bc06a1f65dd9cec476c91c5daf3978488252f"
  integrity sha1-5BvAah9l3ZzsR2yRxdrzl4SIJS8=

tslib@^1.10.0:
  version "1.10.0"
  resolved "https://registry.yarnpkg.com/tslib/-/tslib-1.10.0.tgz#c3c19f95973fb0a62973fb09d90d961ee43e5c8a"
  integrity sha512-qOebF53frne81cf0S9B41ByenJ3/IuH8yJKngAX35CmiZySA0khhkovshKK+jGCaMnVomla7gVlIcc3EvKPbTQ==

tslib@^1.9.3:
  version "1.9.3"
  resolved "https://registry.yarnpkg.com/tslib/-/tslib-1.9.3.tgz#d7e4dd79245d85428c4d7e4822a79917954ca286"
  integrity sha512-4krF8scpejhaOgqzBEcGM7yDIEfi0/8+8zDRZhNZZ2kjmHJ4hv3zCbQWxoJGz1iw5U0Jl0nma13xzHXcncMavQ==
