# THIS IS AN AUTOGENERATED FILE. DO NOT EDIT THIS FILE DIRECTLY.
# yarn lockfile v1


"@material/feature-targeting@^0.44.1":
  version "0.44.1"
  resolved "https://registry.yarnpkg.com/@material/feature-targeting/-/feature-targeting-0.44.1.tgz#afafc80294e5efab94bee31a187273d43d34979a"
  integrity sha512-90cc7njn4aHbH9UxY8qgZth1W5JgOgcEdWdubH1t7sFkwqFxS5g3zgxSBt46TygFBVIXNZNq35Xmg80wgqO7Pg==

"@material/typography@2.3.0":
  version "2.3.0"
  resolved "https://registry.yarnpkg.com/@material/typography/-/typography-2.3.0.tgz#fe2180c697172227f0745cda684ecafdaba3f8dd"
  integrity sha512-NtWVVvwG9Te6/kuIl4fEwDcXGCS7mfPgo5CKPyxcK6y0hJHv6yRHpipJT9D4ZlXw0sQx9B33doOK7iYJtwBBZw==
  dependencies:
    "@material/feature-targeting" "^0.44.1"
