# THIS IS AN AUTOGENERATED FILE. DO NOT EDIT THIS FILE DIRECTLY.
# yarn lockfile v1


"@material/animation@^1.0.0":
  version "1.0.0"
  resolved "https://registry.yarnpkg.com/@material/animation/-/animation-1.0.0.tgz#dfd8575c8b031203917dc838ac0e3c0fe0f6709b"
  integrity sha512-Ed5/vggn6ZhSJ87yn3ZS1d826VJNFz73jHF2bSsgRtHDoB8KCuOwQMfdgAgDa4lKDF6CDIPCKBZPKrs2ubehdw==
  dependencies:
    tslib "^1.9.3"

"@material/base@^1.0.0":
  version "1.0.0"
  resolved "https://registry.yarnpkg.com/@material/base/-/base-1.0.0.tgz#e4ef0b22c54aa887af94f5988fb1c0cb3245beba"
  integrity sha512-5dxFp46x5FA+Epg6YHLzN+5zRt9S2wR84UdvVAEJ1egea94m9UHUg7y9tAnNSN16aexRSywmzyLwPr+i8PGEYA==
  dependencies:
    tslib "^1.9.3"

"@material/button@^2.3.0":
  version "2.3.0"
  resolved "https://registry.yarnpkg.com/@material/button/-/button-2.3.0.tgz#eff1349babf3f929bd99f86742df988185247d43"
  integrity sha512-xFyZjm0pmisfSU6OHO3Wk2zZX51N9D0DohmaPoXnZt2unfD8bCwRmlmD7TTUQCLnuBoIaqrYShpcRTGp4K5dMw==
  dependencies:
    "@material/elevation" "^1.1.0"
    "@material/feature-targeting" "^0.44.1"
    "@material/ripple" "^2.3.0"
    "@material/rtl" "^0.42.0"
    "@material/shape" "^1.1.1"
    "@material/theme" "^1.1.0"
    "@material/typography" "^2.3.0"

"@material/dom@^1.1.0":
  version "1.1.0"
  resolved "https://registry.yarnpkg.com/@material/dom/-/dom-1.1.0.tgz#3bd3d1a3415b4181118fecb182d93beda56a6f8c"
  integrity sha512-+HWW38ZaM2UBPu4+7QCusLDSf4tFT31rsEXHkTkxYSg/QpDivfPx6YDz4OmYtafmhPR1d1YjqB3MYysUHdodyw==
  dependencies:
    tslib "^1.9.3"

"@material/elevation@^1.1.0":
  version "1.1.0"
  resolved "https://registry.yarnpkg.com/@material/elevation/-/elevation-1.1.0.tgz#def23c360ae067b43c1632a331b9883b9f679cc5"
  integrity sha512-m4eATJvDhWK1BT+yA1iHz5mhAk8cV9olC4mjVzm4PTAqhDH2yya4WzjN1HPVHE/a65ObyZ7V4qopxu9MRocm3A==
  dependencies:
    "@material/animation" "^1.0.0"
    "@material/feature-targeting" "^0.44.1"
    "@material/theme" "^1.1.0"

"@material/feature-targeting@^0.44.1":
  version "0.44.1"
  resolved "https://registry.yarnpkg.com/@material/feature-targeting/-/feature-targeting-0.44.1.tgz#afafc80294e5efab94bee31a187273d43d34979a"
  integrity sha512-90cc7njn4aHbH9UxY8qgZth1W5JgOgcEdWdubH1t7sFkwqFxS5g3zgxSBt46TygFBVIXNZNq35Xmg80wgqO7Pg==

"@material/icon-button@^2.3.0":
  version "2.3.0"
  resolved "https://registry.yarnpkg.com/@material/icon-button/-/icon-button-2.3.0.tgz#1160ecccd201161a1a38033732beed95a0624497"
  integrity sha512-EZhdCn9a9livj9rGTUtDQ3UmF2zkAkaysWzgyDaGUih9rAbZThtGE68DhBWjBoe/+FDAOZ/vXnR23FdCsITmmw==
  dependencies:
    "@material/base" "^1.0.0"
    "@material/feature-targeting" "^0.44.1"
    "@material/ripple" "^2.3.0"
    "@material/theme" "^1.1.0"
    tslib "^1.9.3"

"@material/ripple@^2.3.0":
  version "2.3.0"
  resolved "https://registry.yarnpkg.com/@material/ripple/-/ripple-2.3.0.tgz#4701b2cfecddc4c83ae62c777ae2bf9607988705"
  integrity sha512-ejXR0nstERofFhssRyFlwOLgebwm2uGbarHtWZ2/+7QY2Th/Z1wOqNb2h/WRoShsJXK11RUsochb6BJrg30u7w==
  dependencies:
    "@material/animation" "^1.0.0"
    "@material/base" "^1.0.0"
    "@material/dom" "^1.1.0"
    "@material/feature-targeting" "^0.44.1"
    "@material/theme" "^1.1.0"
    tslib "^1.9.3"

"@material/rtl@^0.42.0":
  version "0.42.0"
  resolved "https://registry.yarnpkg.com/@material/rtl/-/rtl-0.42.0.tgz#1836e78186c2d8b996f6fbf97adab203535335bc"
  integrity sha512-VrnrKJzhmspsN8WXHuxxBZ69yM5IwhCUqWr1t1eNfw3ZEvEj7i1g3P31HGowKThIN1dc1Wh4LE14rCISWCtv5w==

"@material/shape@^1.1.1":
  version "1.1.1"
  resolved "https://registry.yarnpkg.com/@material/shape/-/shape-1.1.1.tgz#7a5368694bc3555e69ea547950904b46fa1024bf"
  integrity sha512-Jge/h1XBLjdLlam4QMSzVgM99e/N8+elQROPkltqVP7eyLc17BwM3aP5cLVfZDgrJgvsjUxbgAP1H1j8sqmUyg==
  dependencies:
    "@material/feature-targeting" "^0.44.1"

"@material/snackbar@^2.3.0":
  version "2.3.0"
  resolved "https://registry.yarnpkg.com/@material/snackbar/-/snackbar-2.3.0.tgz#c5e3700834373808eb8845c020de38054008447d"
  integrity sha512-/ac/i6MXhIVvQAwJ20SCBFos2TZ66YUJRUfLH8C7UpH+ukbrZNohLwFzoVFOZtbGMOfS5jLzlVTI8LBNezng6Q==
  dependencies:
    "@material/animation" "^1.0.0"
    "@material/base" "^1.0.0"
    "@material/button" "^2.3.0"
    "@material/dom" "^1.1.0"
    "@material/icon-button" "^2.3.0"
    "@material/ripple" "^2.3.0"
    "@material/rtl" "^0.42.0"
    "@material/shape" "^1.1.1"
    "@material/theme" "^1.1.0"
    "@material/typography" "^2.3.0"
    tslib "^1.9.3"

"@material/theme@^1.1.0":
  version "1.1.0"
  resolved "https://registry.yarnpkg.com/@material/theme/-/theme-1.1.0.tgz#9c95dd804168c23c30589fcf09ecc5af5b3d1adc"
  integrity sha512-YYUV9Rhbx4r/EMb/zoOYJUWjhXChNaLlH1rqt3vpNVyxRcxGqoVMGp5u1XALBCFiD9dACPKLIkKyRYa928nmPQ==
  dependencies:
    "@material/feature-targeting" "^0.44.1"

"@material/typography@^2.3.0":
  version "2.3.0"
  resolved "https://registry.yarnpkg.com/@material/typography/-/typography-2.3.0.tgz#fe2180c697172227f0745cda684ecafdaba3f8dd"
  integrity sha512-NtWVVvwG9Te6/kuIl4fEwDcXGCS7mfPgo5CKPyxcK6y0hJHv6yRHpipJT9D4ZlXw0sQx9B33doOK7iYJtwBBZw==
  dependencies:
    "@material/feature-targeting" "^0.44.1"

tslib@^1.9.3:
  version "1.9.3"
  resolved "https://registry.yarnpkg.com/tslib/-/tslib-1.9.3.tgz#d7e4dd79245d85428c4d7e4822a79917954ca286"
  integrity sha512-4krF8scpejhaOgqzBEcGM7yDIEfi0/8+8zDRZhNZZ2kjmHJ4hv3zCbQWxoJGz1iw5U0Jl0nma13xzHXcncMavQ==

tslib@^1.9.3:
  version "1.9.3"
  resolved "https://registry.yarnpkg.com/tslib/-/tslib-1.9.3.tgz#d7e4dd79245d85428c4d7e4822a79917954ca286"
  integrity sha512-4krF8scpejhaOgqzBEcGM7yDIEfi0/8+8zDRZhNZZ2kjmHJ4hv3zCbQWxoJGz1iw5U0Jl0nma13xzHXcncMavQ==
