# THIS IS AN AUTOGENERATED FILE. DO NOT EDIT THIS FILE DIRECTLY.
# yarn lockfile v1


"@material/animation@^0.41.0":
  version "0.41.0"
  resolved "https://registry.yarnpkg.com/@material/animation/-/animation-0.41.0.tgz#315b45b32e1aeebee8a4cf555b8ad52076d09ddd"
  integrity sha512-yYAwJbX3Q2AFd4dr6IYOsWLQy2HN8zWOFVl9AbUXunjzTfJCa/ecfXCriaT6qkmoNoHeTdJHRrsQJZC5GsPvzA==

"@material/base@0.41.0", "@material/base@^0.41.0":
  version "0.41.0"
  resolved "https://registry.yarnpkg.com/@material/base/-/base-0.41.0.tgz#badadce711b4c25b1eb889a5e7581e32cd07c421"
  integrity sha512-tEyzwBRu3d1H120SfKsDVYZHcqT5lKohh/7cWKR93aAaPDkSvjpKJIjyu2yuSkjpDduVZGzVocYbOvhUKhhzXQ==

"@material/ripple@^0.43.0":
  version "0.43.0"
  resolved "https://registry.yarnpkg.com/@material/ripple/-/ripple-0.43.0.tgz#e2facd65f17f4c67a2923750e08c5daed43dc627"
  integrity sha512-5X5xJtE1tM5QYrsvIe5coZNk7nt++vi40CDBVxS2abO+83ky91I5mH/djcm0vcSFmkHM/QOymEQBR3XDjA3XXQ==
  dependencies:
    "@material/animation" "^0.41.0"
    "@material/base" "^0.41.0"
    "@material/theme" "^0.43.0"

"@material/theme@0.43.0", "@material/theme@^0.43.0":
  version "0.43.0"
  resolved "https://registry.yarnpkg.com/@material/theme/-/theme-0.43.0.tgz#6d9fa113c82e841817882172c152d60d2d203ca6"
  integrity sha512-/zndZL6EihI18v2mYd4O8xvOBAAXmLeHyHVK28LozSAaJ9okQgD25wq5Ktk95oMTmPIC+rH66KcK6371ivNk8g==

bind-decorator@^1.0.11:
  version "1.0.11"
  resolved "https://registry.yarnpkg.com/bind-decorator/-/bind-decorator-1.0.11.tgz#e41bc06a1f65dd9cec476c91c5daf3978488252f"
  integrity sha1-5BvAah9l3ZzsR2yRxdrzl4SIJS8=
