# THIS IS AN AUTOGENERATED FILE. DO NOT EDIT THIS FILE DIRECTLY.
# yarn lockfile v1


"@material/layout-grid@0.41.0":
  version "0.41.0"
  resolved "https://registry.yarnpkg.com/@material/layout-grid/-/layout-grid-0.41.0.tgz#2e7d3be76313e0684d573b10c2c6a88b3230d251"
  integrity sha512-Sa5RNoTGgfIojqJ9E94p7/k11V6q/tGk7HwKi4AQNAPjxield0zcl3G/SbsSb8YSHoK+D+7OXDN+n11x6EqF7g==
