# THIS IS AN AUTOGENERATED FILE. DO NOT EDIT THIS FILE DIRECTLY.
# yarn lockfile v1


"@material/animation@^0.41.0":
  version "0.41.0"
  resolved "https://registry.yarnpkg.com/@material/animation/-/animation-0.41.0.tgz#315b45b32e1aeebee8a4cf555b8ad52076d09ddd"
  integrity sha512-yYAwJbX3Q2AFd4dr6IYOsWLQy2HN8zWOFVl9AbUXunjzTfJCa/ecfXCriaT6qkmoNoHeTdJHRrsQJZC5GsPvzA==

"@material/base@^0.41.0":
  version "0.41.0"
  resolved "https://registry.yarnpkg.com/@material/base/-/base-0.41.0.tgz#badadce711b4c25b1eb889a5e7581e32cd07c421"
  integrity sha512-tEyzwBRu3d1H120SfKsDVYZHcqT5lKohh/7cWKR93aAaPDkSvjpKJIjyu2yuSkjpDduVZGzVocYbOvhUKhhzXQ==

"@material/card@0.44.1":
  version "0.44.1"
  resolved "https://registry.yarnpkg.com/@material/card/-/card-0.44.1.tgz#e72efba79e716143d530c75ecf18216aaa3c7499"
  integrity sha512-SNun2DrzYMXTRfGUSTKkKRCO+2MIuRd+2j3FhjyBUDCaPDoqaHbDIK75vTSXlsE/xCXuJ4Uv4M/w0XS7RRHM0g==
  dependencies:
    "@material/elevation" "^0.44.1"
    "@material/feature-targeting" "^0.44.1"
    "@material/ripple" "^0.44.1"
    "@material/rtl" "^0.42.0"
    "@material/shape" "^0.44.1"
    "@material/theme" "^0.43.0"

"@material/elevation@^0.44.1":
  version "0.44.1"
  resolved "https://registry.yarnpkg.com/@material/elevation/-/elevation-0.44.1.tgz#19efa293e195b00141711899e3c3fde6a3670454"
  integrity sha512-Gr2x/FHysM4ty7sctLPT48pw7YItLZvhXsB4ZzXpdhuy7QshxllBW9NGlAMffzrmNu16MTl3ouGzbhArUYz4jw==
  dependencies:
    "@material/animation" "^0.41.0"
    "@material/feature-targeting" "^0.44.1"
    "@material/theme" "^0.43.0"

"@material/feature-targeting@^0.44.1":
  version "0.44.1"
  resolved "https://registry.yarnpkg.com/@material/feature-targeting/-/feature-targeting-0.44.1.tgz#afafc80294e5efab94bee31a187273d43d34979a"
  integrity sha512-90cc7njn4aHbH9UxY8qgZth1W5JgOgcEdWdubH1t7sFkwqFxS5g3zgxSBt46TygFBVIXNZNq35Xmg80wgqO7Pg==

"@material/ripple@^0.44.1":
  version "0.44.1"
  resolved "https://registry.yarnpkg.com/@material/ripple/-/ripple-0.44.1.tgz#79cb2ddf1f998498d877d3e3c46b50fed6f13b01"
  integrity sha512-prJ1p3bR+GvwAtJgtdeIixsnRVApN3bizGnX7upKoqxsqbBDHj84JxaO8EsG9bjruG/LJu8Fb6WKKdIp2oXHTA==
  dependencies:
    "@material/animation" "^0.41.0"
    "@material/base" "^0.41.0"
    "@material/feature-targeting" "^0.44.1"
    "@material/theme" "^0.43.0"

"@material/rtl@^0.42.0":
  version "0.42.0"
  resolved "https://registry.yarnpkg.com/@material/rtl/-/rtl-0.42.0.tgz#1836e78186c2d8b996f6fbf97adab203535335bc"
  integrity sha512-VrnrKJzhmspsN8WXHuxxBZ69yM5IwhCUqWr1t1eNfw3ZEvEj7i1g3P31HGowKThIN1dc1Wh4LE14rCISWCtv5w==

"@material/shape@^0.44.1":
  version "0.44.1"
  resolved "https://registry.yarnpkg.com/@material/shape/-/shape-0.44.1.tgz#ff4d5d42b07c5781306677bffee43234b756ea8e"
  integrity sha512-8mCDQmyTEhDK+HX8Tap2Lc82QlVySlXU8zDCNkWoIn1ge+UnRezSDjE4y4P1ABegN5PrkJZPartuQ1U0ttIYXw==
  dependencies:
    "@material/feature-targeting" "^0.44.1"

"@material/theme@^0.43.0":
  version "0.43.0"
  resolved "https://registry.yarnpkg.com/@material/theme/-/theme-0.43.0.tgz#6d9fa113c82e841817882172c152d60d2d203ca6"
  integrity sha512-/zndZL6EihI18v2mYd4O8xvOBAAXmLeHyHVK28LozSAaJ9okQgD25wq5Ktk95oMTmPIC+rH66KcK6371ivNk8g==

bind-decorator@^1.0.11:
  version "1.0.11"
  resolved "https://registry.yarnpkg.com/bind-decorator/-/bind-decorator-1.0.11.tgz#e41bc06a1f65dd9cec476c91c5daf3978488252f"
  integrity sha1-5BvAah9l3ZzsR2yRxdrzl4SIJS8=
