# THIS IS AN AUTOGENERATED FILE. DO NOT EDIT THIS FILE DIRECTLY.
# yarn lockfile v1


"@material/animation@^1.0.0":
  version "1.0.0"
  resolved "https://registry.yarnpkg.com/@material/animation/-/animation-1.0.0.tgz#dfd8575c8b031203917dc838ac0e3c0fe0f6709b"
  integrity sha512-Ed5/vggn6ZhSJ87yn3ZS1d826VJNFz73jHF2bSsgRtHDoB8KCuOwQMfdgAgDa4lKDF6CDIPCKBZPKrs2ubehdw==
  dependencies:
    tslib "^1.9.3"

"@material/base@^1.0.0":
  version "1.0.0"
  resolved "https://registry.yarnpkg.com/@material/base/-/base-1.0.0.tgz#e4ef0b22c54aa887af94f5988fb1c0cb3245beba"
  integrity sha512-5dxFp46x5FA+Epg6YHLzN+5zRt9S2wR84UdvVAEJ1egea94m9UHUg7y9tAnNSN16aexRSywmzyLwPr+i8PGEYA==
  dependencies:
    tslib "^1.9.3"

"@material/dom@^1.1.0":
  version "1.1.0"
  resolved "https://registry.yarnpkg.com/@material/dom/-/dom-1.1.0.tgz#3bd3d1a3415b4181118fecb182d93beda56a6f8c"
  integrity sha512-+HWW38ZaM2UBPu4+7QCusLDSf4tFT31rsEXHkTkxYSg/QpDivfPx6YDz4OmYtafmhPR1d1YjqB3MYysUHdodyw==
  dependencies:
    tslib "^1.9.3"

"@material/feature-targeting@^0.44.1":
  version "0.44.1"
  resolved "https://registry.yarnpkg.com/@material/feature-targeting/-/feature-targeting-0.44.1.tgz#afafc80294e5efab94bee31a187273d43d34979a"
  integrity sha512-90cc7njn4aHbH9UxY8qgZth1W5JgOgcEdWdubH1t7sFkwqFxS5g3zgxSBt46TygFBVIXNZNq35Xmg80wgqO7Pg==

"@material/floating-label@^2.3.0":
  version "2.3.0"
  resolved "https://registry.yarnpkg.com/@material/floating-label/-/floating-label-2.3.0.tgz#001aa73bc035b8bf913dabc2926361f8c1458f28"
  integrity sha512-OYcNmf+mVzW+rphDgVkyWES+SbivA6Y2+0amVDD9E9X6hLjO+L1dtIP3rC7lp0Y2Ey9rkuRORsUoriFvN7xQQw==
  dependencies:
    "@material/animation" "^1.0.0"
    "@material/base" "^1.0.0"
    "@material/rtl" "^0.42.0"
    "@material/theme" "^1.1.0"
    "@material/typography" "^2.3.0"
    tslib "^1.9.3"

"@material/line-ripple@^2.3.0":
  version "2.3.0"
  resolved "https://registry.yarnpkg.com/@material/line-ripple/-/line-ripple-2.3.0.tgz#e7d876f1dad0a7e418ccfefed875443fc1f303a0"
  integrity sha512-gDjUlrM6P182ldY4CYiBMcdcUtch1DWd1osgp5STJXxth6ukRCNIdDigrKCHtyJKB8eXeNORwWs39xWZOGihbA==
  dependencies:
    "@material/animation" "^1.0.0"
    "@material/base" "^1.0.0"
    "@material/theme" "^1.1.0"
    tslib "^1.9.3"

"@material/notched-outline@^2.3.0":
  version "2.3.0"
  resolved "https://registry.yarnpkg.com/@material/notched-outline/-/notched-outline-2.3.0.tgz#707c7329a01fe80b269a1c4689769b812d825eb1"
  integrity sha512-EDhpCGcMi1gW12qzXsdKHr6aYxa80s94tn9/G1r7eJu/BOVTYt20qjqoYQJE6i8XxcD1t5xcNdQ7StgGpk2MGA==
  dependencies:
    "@material/animation" "^1.0.0"
    "@material/base" "^1.0.0"
    "@material/floating-label" "^2.3.0"
    "@material/rtl" "^0.42.0"
    "@material/shape" "^1.1.1"
    "@material/theme" "^1.1.0"
    tslib "^1.9.3"

"@material/ripple@^2.3.0":
  version "2.3.0"
  resolved "https://registry.yarnpkg.com/@material/ripple/-/ripple-2.3.0.tgz#4701b2cfecddc4c83ae62c777ae2bf9607988705"
  integrity sha512-ejXR0nstERofFhssRyFlwOLgebwm2uGbarHtWZ2/+7QY2Th/Z1wOqNb2h/WRoShsJXK11RUsochb6BJrg30u7w==
  dependencies:
    "@material/animation" "^1.0.0"
    "@material/base" "^1.0.0"
    "@material/dom" "^1.1.0"
    "@material/feature-targeting" "^0.44.1"
    "@material/theme" "^1.1.0"
    tslib "^1.9.3"

"@material/rtl@^0.42.0":
  version "0.42.0"
  resolved "https://registry.yarnpkg.com/@material/rtl/-/rtl-0.42.0.tgz#1836e78186c2d8b996f6fbf97adab203535335bc"
  integrity sha512-VrnrKJzhmspsN8WXHuxxBZ69yM5IwhCUqWr1t1eNfw3ZEvEj7i1g3P31HGowKThIN1dc1Wh4LE14rCISWCtv5w==

"@material/shape@^1.1.1":
  version "1.1.1"
  resolved "https://registry.yarnpkg.com/@material/shape/-/shape-1.1.1.tgz#7a5368694bc3555e69ea547950904b46fa1024bf"
  integrity sha512-Jge/h1XBLjdLlam4QMSzVgM99e/N8+elQROPkltqVP7eyLc17BwM3aP5cLVfZDgrJgvsjUxbgAP1H1j8sqmUyg==
  dependencies:
    "@material/feature-targeting" "^0.44.1"

"@material/textfield@^2.3.0":
  version "2.3.0"
  resolved "https://registry.yarnpkg.com/@material/textfield/-/textfield-2.3.0.tgz#45df864e553460d084e48de940ca07fa38508520"
  integrity sha512-6Tc0XZDEcU7tQgASNDNQPSxVzkmR7iO5zGynemXydYsmXzrcoisId2nyD2OWW+XBw+TUkJs93REd38Ij8l9LKw==
  dependencies:
    "@material/animation" "^1.0.0"
    "@material/base" "^1.0.0"
    "@material/dom" "^1.1.0"
    "@material/floating-label" "^2.3.0"
    "@material/line-ripple" "^2.3.0"
    "@material/notched-outline" "^2.3.0"
    "@material/ripple" "^2.3.0"
    "@material/rtl" "^0.42.0"
    "@material/shape" "^1.1.1"
    "@material/theme" "^1.1.0"
    "@material/typography" "^2.3.0"
    tslib "^1.9.3"

"@material/theme@^1.1.0":
  version "1.1.0"
  resolved "https://registry.yarnpkg.com/@material/theme/-/theme-1.1.0.tgz#9c95dd804168c23c30589fcf09ecc5af5b3d1adc"
  integrity sha512-YYUV9Rhbx4r/EMb/zoOYJUWjhXChNaLlH1rqt3vpNVyxRcxGqoVMGp5u1XALBCFiD9dACPKLIkKyRYa928nmPQ==
  dependencies:
    "@material/feature-targeting" "^0.44.1"

"@material/typography@^2.3.0":
  version "2.3.0"
  resolved "https://registry.yarnpkg.com/@material/typography/-/typography-2.3.0.tgz#fe2180c697172227f0745cda684ecafdaba3f8dd"
  integrity sha512-NtWVVvwG9Te6/kuIl4fEwDcXGCS7mfPgo5CKPyxcK6y0hJHv6yRHpipJT9D4ZlXw0sQx9B33doOK7iYJtwBBZw==
  dependencies:
    "@material/feature-targeting" "^0.44.1"

bind-decorator@^1.0.11:
  version "1.0.11"
  resolved "https://registry.yarnpkg.com/bind-decorator/-/bind-decorator-1.0.11.tgz#e41bc06a1f65dd9cec476c91c5daf3978488252f"
  integrity sha1-5BvAah9l3ZzsR2yRxdrzl4SIJS8=

tslib@^1.9.3:
  version "1.9.3"
  resolved "https://registry.yarnpkg.com/tslib/-/tslib-1.9.3.tgz#d7e4dd79245d85428c4d7e4822a79917954ca286"
  integrity sha512-4krF8scpejhaOgqzBEcGM7yDIEfi0/8+8zDRZhNZZ2kjmHJ4hv3zCbQWxoJGz1iw5U0Jl0nma13xzHXcncMavQ==
