# THIS IS AN AUTOGENERATED FILE. DO NOT EDIT THIS FILE DIRECTLY.
# yarn lockfile v1


"@material/image-list@0.39.1":
  version "0.39.1"
  resolved "https://registry.yarnpkg.com/@material/image-list/-/image-list-0.39.1.tgz#2cbf763d352ca4ac94ef1fba8b3cbca5ec019a81"
  integrity sha512-yU03vElpgypqiwe0tJYyNs52wzDyciigq48CpXkTfLe/7yozJD5jtw71/RSVw+WGpgxJ66nfRLPtFk5iviEgag==
  dependencies:
    "@material/theme" "^0.39.1"
    "@material/typography" "^0.39.0"

"@material/theme@^0.39.1":
  version "0.39.1"
  resolved "https://registry.yarnpkg.com/@material/theme/-/theme-0.39.1.tgz#5fb160222e2b213628b285af26ca65c6f4327fe5"
  integrity sha512-c7xjzzHdF4kBl66VJfATBAV9cwD/6TOyVPOWiK5rPxmu9g7uEAe1HmupqJRR1pMFCPX2w85gfvIsxh79EU6YJA==

"@material/typography@^0.39.0":
  version "0.39.0"
  resolved "https://registry.yarnpkg.com/@material/typography/-/typography-0.39.0.tgz#7d7468673e104609d926528ffe5571cfd44d8c3c"
  integrity sha512-S7YTR2mXuAaPvsgX6jyT1YvWQhH2xHWi+SKJvlunoF/Dw6vq6Ud+APmqigHVRPNCcFt4zkbM7C64IxYjjkIApQ==

bind-decorator@^1.0.11:
  version "1.0.11"
  resolved "https://registry.yarnpkg.com/bind-decorator/-/bind-decorator-1.0.11.tgz#e41bc06a1f65dd9cec476c91c5daf3978488252f"
  integrity sha1-5BvAah9l3ZzsR2yRxdrzl4SIJS8=
